
Microsoft Visual Studio Solution File, Format Version 12.00
# Visual Studio Version 17
VisualStudioVersion = 17.4.33122.133
MinimumVisualStudioVersion = 10.0.40219.1
Project("{00D1A9C2-B5F0-4AF3-8072-F6C62B433612}") = "DatawarehouseSucos", "DatawarehouseSucos.sqlproj", "{B6B63EDF-6614-4906-AA6D-B844DB70877C}"
EndProject
Global
	GlobalSection(SolutionConfigurationPlatforms) = preSolution
		Debug|Any CPU = Debug|Any CPU
		Release|Any CPU = Release|Any CPU
	EndGlobalSection
	GlobalSection(ProjectConfigurationPlatforms) = postSolution
		{B6B63EDF-6614-4906-AA6D-B844DB70877C}.Debug|Any CPU.ActiveCfg = Debug|Any CPU
		{B6B63EDF-6614-4906-AA6D-B844DB70877C}.Debug|Any CPU.Build.0 = Debug|Any CPU
		{B6B63EDF-6614-4906-AA6D-B844DB70877C}.Debug|Any CPU.Deploy.0 = Debug|Any CPU
		{B6B63EDF-6614-4906-AA6D-B844DB70877C}.Release|Any CPU.ActiveCfg = Release|Any CPU
		{B6B63EDF-6614-4906-AA6D-B844DB70877C}.Release|Any CPU.Build.0 = Release|Any CPU
		{B6B63EDF-6614-4906-AA6D-B844DB70877C}.Release|Any CPU.Deploy.0 = Release|Any CPU
	EndGlobalSection
	GlobalSection(SolutionProperties) = preSolution
		HideSolutionNode = FALSE
	EndGlobalSection
	GlobalSection(ExtensibilityGlobals) = postSolution
		SolutionGuid = {63BB2DEC-B018-4F63-A09F-F8BB94D4EB51}
	EndGlobalSection
EndGlobal
